// !$*UTF8*$!
{
	archiveVersion = 1;
	classes = {
	};
	objectVersion = 56;
	objects = {

/* Begin PBXBuildFile section */
		A3DF9BB32B9ED102006AEECE /* SwiftUI_weatherApp.swift in Sources */ = {isa = PBXBuildFile; fileRef = A3DF9BB22B9ED102006AEECE /* SwiftUI_weatherApp.swift */; };
		A3DF9BB52B9ED102006AEECE /* ContentView.swift in Sources */ = {isa = PBXBuildFile; fileRef = A3DF9BB42B9ED102006AEECE /* ContentView.swift */; };
		A3DF9BB72B9ED103006AEECE /* Assets.xcassets in Resources */ = {isa = PBXBuildFile; fileRef = A3DF9BB62B9ED103006AEECE /* Assets.xcassets */; };
		A3DF9BBB2B9ED103006AEECE /* Preview Assets.xcassets in Resources */ = {isa = PBXBuildFile; fileRef = A3DF9BBA2B9ED103006AEECE /* Preview Assets.xcassets */; };
		A3DF9BC52B9ED103006AEECE /* SwiftUI_weatherTests.swift in Sources */ = {isa = PBXBuildFile; fileRef = A3DF9BC42B9ED103006AEECE /* SwiftUI_weatherTests.swift */; };
		A3DF9BCF2B9ED103006AEECE /* SwiftUI_weatherUITests.swift in Sources */ = {isa = PBXBuildFile; fileRef = A3DF9BCE2B9ED103006AEECE /* SwiftUI_weatherUITests.swift */; };
		A3DF9BD12B9ED103006AEECE /* SwiftUI_weatherUITestsLaunchTests.swift in Sources */ = {isa = PBXBuildFile; fileRef = A3DF9BD02B9ED103006AEECE /* SwiftUI_weatherUITestsLaunchTests.swift */; };
/* End PBXBuildFile section */

/* Begin PBXContainerItemProxy section */
		A3DF9BC12B9ED103006AEECE /* PBXContainerItemProxy */ = {
			isa = PBXContainerItemProxy;
			containerPortal = A3DF9BA72B9ED102006AEECE /* Project object */;
			proxyType = 1;
			remoteGlobalIDString = A3DF9BAE2B9ED102006AEECE;
			remoteInfo = "SwiftUI-weather";
		};
		A3DF9BCB2B9ED103006AEECE /* PBXContainerItemProxy */ = {
			isa = PBXContainerItemProxy;
			containerPortal = A3DF9BA72B9ED102006AEECE /* Project object */;
			proxyType = 1;
			remoteGlobalIDString = A3DF9BAE2B9ED102006AEECE;
			remoteInfo = "SwiftUI-weather";
		};
/* End PBXContainerItemProxy section */

/* Begin PBXFileReference section */
		A3DF9BAF2B9ED102006AEECE /* SwiftUI-weather.app */ = {isa = PBXFileReference; explicitFileType = wrapper.application; includeInIndex = 0; path = "SwiftUI-weather.app"; sourceTree = BUILT_PRODUCTS_DIR; };
		A3DF9BB22B9ED102006AEECE /* SwiftUI_weatherApp.swift */ = {isa = PBXFileReference; lastKnownFileType = sourcecode.swift; path = SwiftUI_weatherApp.swift; sourceTree = "<group>"; };
		A3DF9BB42B9ED102006AEECE /* ContentView.swift */ = {isa = PBXFileReference; lastKnownFileType = sourcecode.swift; path = ContentView.swift; sourceTree = "<group>"; };
		A3DF9BB62B9ED103006AEECE /* Assets.xcassets */ = {isa = PBXFileReference; lastKnownFileType = folder.assetcatalog; path = Assets.xcassets; sourceTree = "<group>"; };
		A3DF9BB82B9ED103006AEECE /* SwiftUI_weather.entitlements */ = {isa = PBXFileReference; lastKnownFileType = text.plist.entitlements; path = SwiftUI_weather.entitlements; sourceTree = "<group>"; };
		A3DF9BBA2B9ED103006AEECE /* Preview Assets.xcassets */ = {isa = PBXFileReference; lastKnownFileType = folder.assetcatalog; path = "Preview Assets.xcassets"; sourceTree = "<group>"; };
		A3DF9BC02B9ED103006AEECE /* SwiftUI-weatherTests.xctest */ = {isa = PBXFileReference; explicitFileType = wrapper.cfbundle; includeInIndex = 0; path = "SwiftUI-weatherTests.xctest"; sourceTree = BUILT_PRODUCTS_DIR; };
		A3DF9BC42B9ED103006AEECE /* SwiftUI_weatherTests.swift */ = {isa = PBXFileReference; lastKnownFileType = sourcecode.swift; path = SwiftUI_weatherTests.swift; sourceTree = "<group>"; };
		A3DF9BCA2B9ED103006AEECE /* SwiftUI-weatherUITests.xctest */ = {isa = PBXFileReference; explicitFileType = wrapper.cfbundle; includeInIndex = 0; path = "SwiftUI-weatherUITests.xctest"; sourceTree = BUILT_PRODUCTS_DIR; };
		A3DF9BCE2B9ED103006AEECE /* SwiftUI_weatherUITests.swift */ = {isa = PBXFileReference; lastKnownFileType = sourcecode.swift; path = SwiftUI_weatherUITests.swift; sourceTree = "<group>"; };
		A3DF9BD02B9ED103006AEECE /* SwiftUI_weatherUITestsLaunchTests.swift */ = {isa = PBXFileReference; lastKnownFileType = sourcecode.swift; path = SwiftUI_weatherUITestsLaunchTests.swift; sourceTree = "<group>"; };
/* End PBXFileReference section */

/* Begin PBXFrameworksBuildPhase section */
		A3DF9BAC2B9ED102006AEECE /* Frameworks */ = {
			isa = PBXFrameworksBuildPhase;
			buildActionMask = 2147483647;
			files = (
			);
			runOnlyForDeploymentPostprocessing = 0;
		};
		A3DF9BBD2B9ED103006AEECE /* Frameworks */ = {
			isa = PBXFrameworksBuildPhase;
			buildActionMask = 2147483647;
			files = (
			);
			runOnlyForDeploymentPostprocessing = 0;
		};
		A3DF9BC72B9ED103006AEECE /* Frameworks */ = {
			isa = PBXFrameworksBuildPhase;
			buildActionMask = 2147483647;
			files = (
			);
			runOnlyForDeploymentPostprocessing = 0;
		};
/* End PBXFrameworksBuildPhase section */

/* Begin PBXGroup section */
		A3DF9BA62B9ED102006AEECE = {
			isa = PBXGroup;
			children = (
				A3DF9BB12B9ED102006AEECE /* SwiftUI-weather */,
				A3DF9BC32B9ED103006AEECE /* SwiftUI-weatherTests */,
				A3DF9BCD2B9ED103006AEECE /* SwiftUI-weatherUITests */,
				A3DF9BB02B9ED102006AEECE /* Products */,
			);
			sourceTree = "<group>";
		};
		A3DF9BB02B9ED102006AEECE /* Products */ = {
			isa = PBXGroup;
			children = (
				A3DF9BAF2B9ED102006AEECE /* SwiftUI-weather.app */,
				A3DF9BC02B9ED103006AEECE /* SwiftUI-weatherTests.xctest */,
				A3DF9BCA2B9ED103006AEECE /* SwiftUI-weatherUITests.xctest */,
			);
			name = Products;
			sourceTree = "<group>";
		};
		A3DF9BB12B9ED102006AEECE /* SwiftUI-weather */ = {
			isa = PBXGroup;
			children = (
				A3DF9BB22B9ED102006AEECE /* SwiftUI_weatherApp.swift */,
				A3DF9BB42B9ED102006AEECE /* ContentView.swift */,
				A3DF9BB62B9ED103006AEECE /* Assets.xcassets */,
				A3DF9BB82B9ED103006AEECE /* SwiftUI_weather.entitlements */,
				A3DF9BB92B9ED103006AEECE /* Preview Content */,
			);
			path = "SwiftUI-weather";
			sourceTree = "<group>";
		};
		A3DF9BB92B9ED103006AEECE /* Preview Content */ = {
			isa = PBXGroup;
			children = (
				A3DF9BBA2B9ED103006AEECE /* Preview Assets.xcassets */,
			);
			path = "Preview Content";
			sourceTree = "<group>";
		};
		A3DF9BC32B9ED103006AEECE /* SwiftUI-weatherTests */ = {
			isa = PBXGroup;
			children = (
				A3DF9BC42B9ED103006AEECE /* SwiftUI_weatherTests.swift */,
			);
			path = "SwiftUI-weatherTests";
			sourceTree = "<group>";
		};
		A3DF9BCD2B9ED103006AEECE /* SwiftUI-weatherUITests */ = {
			isa = PBXGroup;
			children = (
				A3DF9BCE2B9ED103006AEECE /* SwiftUI_weatherUITests.swift */,
				A3DF9BD02B9ED103006AEECE /* SwiftUI_weatherUITestsLaunchTests.swift */,
			);
			path = "SwiftUI-weatherUITests";
			sourceTree = "<group>";
		};
/* End PBXGroup section */

/* Begin PBXNativeTarget section */
		A3DF9BAE2B9ED102006AEECE /* SwiftUI-weather */ = {
			isa = PBXNativeTarget;
			buildConfigurationList = A3DF9BD42B9ED103006AEECE /* Build configuration list for PBXNativeTarget "SwiftUI-weather" */;
			buildPhases = (
				A3DF9BAB2B9ED102006AEECE /* Sources */,
				A3DF9BAC2B9ED102006AEECE /* Frameworks */,
				A3DF9BAD2B9ED102006AEECE /* Resources */,
			);
			buildRules = (
			);
			dependencies = (
			);
			name = "SwiftUI-weather";
			productName = "SwiftUI-weather";
			productReference = A3DF9BAF2B9ED102006AEECE /* SwiftUI-weather.app */;
			productType = "com.apple.product-type.application";
		};
		A3DF9BBF2B9ED103006AEECE /* SwiftUI-weatherTests */ = {
			isa = PBXNativeTarget;
			buildConfigurationList = A3DF9BD72B9ED103006AEECE /* Build configuration list for PBXNativeTarget "SwiftUI-weatherTests" */;
			buildPhases = (
				A3DF9BBC2B9ED103006AEECE /* Sources */,
				A3DF9BBD2B9ED103006AEECE /* Frameworks */,
				A3DF9BBE2B9ED103006AEECE /* Resources */,
			);
			buildRules = (
			);
			dependencies = (
				A3DF9BC22B9ED103006AEECE /* PBXTargetDependency */,
			);
			name = "SwiftUI-weatherTests";
			productName = "SwiftUI-weatherTests";
			productReference = A3DF9BC02B9ED103006AEECE /* SwiftUI-weatherTests.xctest */;
			productType = "com.apple.product-type.bundle.unit-test";
		};
		A3DF9BC92B9ED103006AEECE /* SwiftUI-weatherUITests */ = {
			isa = PBXNativeTarget;
			buildConfigurationList = A3DF9BDA2B9ED103006AEECE /* Build configuration list for PBXNativeTarget "SwiftUI-weatherUITests" */;
			buildPhases = (
				A3DF9BC62B9ED103006AEECE /* Sources */,
				A3DF9BC72B9ED103006AEECE /* Frameworks */,
				A3DF9BC82B9ED103006AEECE /* Resources */,
			);
			buildRules = (
			);
			dependencies = (
				A3DF9BCC2B9ED103006AEECE /* PBXTargetDependency */,
			);
			name = "SwiftUI-weatherUITests";
			productName = "SwiftUI-weatherUITests";
			productReference = A3DF9BCA2B9ED103006AEECE /* SwiftUI-weatherUITests.xctest */;
			productType = "com.apple.product-type.bundle.ui-testing";
		};
/* End PBXNativeTarget section */

/* Begin PBXProject section */
		A3DF9BA72B9ED102006AEECE /* Project object */ = {
			isa = PBXProject;
			attributes = {
				BuildIndependentTargetsInParallel = 1;
				LastSwiftUpdateCheck = 1520;
				LastUpgradeCheck = 1520;
				TargetAttributes = {
					A3DF9BAE2B9ED102006AEECE = {
						CreatedOnToolsVersion = 15.2;
					};
					A3DF9BBF2B9ED103006AEECE = {
						CreatedOnToolsVersion = 15.2;
						TestTargetID = A3DF9BAE2B9ED102006AEECE;
					};
					A3DF9BC92B9ED103006AEECE = {
						CreatedOnToolsVersion = 15.2;
						TestTargetID = A3DF9BAE2B9ED102006AEECE;
					};
				};
			};
			buildConfigurationList = A3DF9BAA2B9ED102006AEECE /* Build configuration list for PBXProject "SwiftUI-weather" */;
			compatibilityVersion = "Xcode 14.0";
			developmentRegion = en;
			hasScannedForEncodings = 0;
			knownRegions = (
				en,
				Base,
			);
			mainGroup = A3DF9BA62B9ED102006AEECE;
			productRefGroup = A3DF9BB02B9ED102006AEECE /* Products */;
			projectDirPath = "";
			projectRoot = "";
			targets = (
				A3DF9BAE2B9ED102006AEECE /* SwiftUI-weather */,
				A3DF9BBF2B9ED103006AEECE /* SwiftUI-weatherTests */,
				A3DF9BC92B9ED103006AEECE /* SwiftUI-weatherUITests */,
			);
		};
/* End PBXProject section */

/* Begin PBXResourcesBuildPhase section */
		A3DF9BAD2B9ED102006AEECE /* Resources */ = {
			isa = PBXResourcesBuildPhase;
			buildActionMask = 2147483647;
			files = (
				A3DF9BBB2B9ED103006AEECE /* Preview Assets.xcassets in Resources */,
				A3DF9BB72B9ED103006AEECE /* Assets.xcassets in Resources */,
			);
			runOnlyForDeploymentPostprocessing = 0;
		};
		A3DF9BBE2B9ED103006AEECE /* Resources */ = {
			isa = PBXResourcesBuildPhase;
			buildActionMask = 2147483647;
			files = (
			);
			runOnlyForDeploymentPostprocessing = 0;
		};
		A3DF9BC82B9ED103006AEECE /* Resources */ = {
			isa = PBXResourcesBuildPhase;
			buildActionMask = 2147483647;
			files = (
			);
			runOnlyForDeploymentPostprocessing = 0;
		};
/* End PBXResourcesBuildPhase section */

/* Begin PBXSourcesBuildPhase section */
		A3DF9BAB2B9ED102006AEECE /* Sources */ = {
			isa = PBXSourcesBuildPhase;
			buildActionMask = 2147483647;
			files = (
				A3DF9BB52B9ED102006AEECE /* ContentView.swift in Sources */,
				A3DF9BB32B9ED102006AEECE /* SwiftUI_weatherApp.swift in Sources */,
			);
			runOnlyForDeploymentPostprocessing = 0;
		};
		A3DF9BBC2B9ED103006AEECE /* Sources */ = {
			isa = PBXSourcesBuildPhase;
			buildActionMask = 2147483647;
			files = (
				A3DF9BC52B9ED103006AEECE /* SwiftUI_weatherTests.swift in Sources */,
			);
			runOnlyForDeploymentPostprocessing = 0;
		};
		A3DF9BC62B9ED103006AEECE /* Sources */ = {
			isa = PBXSourcesBuildPhase;
			buildActionMask = 2147483647;
			files = (
				A3DF9BCF2B9ED103006AEECE /* SwiftUI_weatherUITests.swift in Sources */,
				A3DF9BD12B9ED103006AEECE /* SwiftUI_weatherUITestsLaunchTests.swift in Sources */,
			);
			runOnlyForDeploymentPostprocessing = 0;
		};
/* End PBXSourcesBuildPhase section */

/* Begin PBXTargetDependency section */
		A3DF9BC22B9ED103006AEECE /* PBXTargetDependency */ = {
			isa = PBXTargetDependency;
			target = A3DF9BAE2B9ED102006AEECE /* SwiftUI-weather */;
			targetProxy = A3DF9BC12B9ED103006AEECE /* PBXContainerItemProxy */;
		};
		A3DF9BCC2B9ED103006AEECE /* PBXTargetDependency */ = {
			isa = PBXTargetDependency;
			target = A3DF9BAE2B9ED102006AEECE /* SwiftUI-weather */;
			targetProxy = A3DF9BCB2B9ED103006AEECE /* PBXContainerItemProxy */;
		};
/* End PBXTargetDependency section */

/* Begin XCBuildConfiguration section */
		A3DF9BD22B9ED103006AEECE /* Debug */ = {
			isa = XCBuildConfiguration;
			buildSettings = {
				ALWAYS_SEARCH_USER_PATHS = NO;
				ASSETCATALOG_COMPILER_GENERATE_SWIFT_ASSET_SYMBOL_EXTENSIONS = YES;
				CLANG_ANALYZER_NONNULL = YES;
				CLANG_ANALYZER_NUMBER_OBJECT_CONVERSION = YES_AGGRESSIVE;
				CLANG_CXX_LANGUAGE_STANDARD = "gnu++20";
				CLANG_ENABLE_MODULES = YES;
				CLANG_ENABLE_OBJC_ARC = YES;
				CLANG_ENABLE_OBJC_WEAK = YES;
				CLANG_WARN_BLOCK_CAPTURE_AUTORELEASING = YES;
				CLANG_WARN_BOOL_CONVERSION = YES;
				CLANG_WARN_COMMA = YES;
				CLANG_WARN_CONSTANT_CONVERSION = YES;
				CLANG_WARN_DEPRECATED_OBJC_IMPLEMENTATIONS = YES;
				CLANG_WARN_DIRECT_OBJC_ISA_USAGE = YES_ERROR;
				CLANG_WARN_DOCUMENTATION_COMMENTS = YES;
				CLANG_WARN_EMPTY_BODY = YES;
				CLANG_WARN_ENUM_CONVERSION = YES;
				CLANG_WARN_INFINITE_RECURSION = YES;
				CLANG_WARN_INT_CONVERSION = YES;
				CLANG_WARN_NON_LITERAL_NULL_CONVERSION = YES;
				CLANG_WARN_OBJC_IMPLICIT_RETAIN_SELF = YES;
				CLANG_WARN_OBJC_LITERAL_CONVERSION = YES;
				CLANG_WARN_OBJC_ROOT_CLASS = YES_ERROR;
				CLANG_WARN_QUOTED_INCLUDE_IN_FRAMEWORK_HEADER = YES;
				CLANG_WARN_RANGE_LOOP_ANALYSIS = YES;
				CLANG_WARN_STRICT_PROTOTYPES = YES;
				CLANG_WARN_SUSPICIOUS_MOVE = YES;
				CLANG_WARN_UNGUARDED_AVAILABILITY = YES_AGGRESSIVE;
				CLANG_WARN_UNREACHABLE_CODE = YES;
				CLANG_WARN__DUPLICATE_METHOD_MATCH = YES;
				COPY_PHASE_STRIP = NO;
				DEBUG_INFORMATION_FORMAT = dwarf;
				ENABLE_STRICT_OBJC_MSGSEND = YES;
				ENABLE_TESTABILITY = YES;
				ENABLE_USER_SCRIPT_SANDBOXING = YES;
				GCC_C_LANGUAGE_STANDARD = gnu17;
				GCC_DYNAMIC_NO_PIC = NO;
				GCC_NO_COMMON_BLOCKS = YES;
				GCC_OPTIMIZATION_LEVEL = 0;
				GCC_PREPROCESSOR_DEFINITIONS = (
					"DEBUG=1",
					"$(inherited)",
				);
				GCC_WARN_64_TO_32_BIT_CONVERSION = YES;
				GCC_WARN_ABOUT_RETURN_TYPE = YES_ERROR;
				GCC_WARN_UNDECLARED_SELECTOR = YES;
				GCC_WARN_UNINITIALIZED_AUTOS = YES_AGGRESSIVE;
				GCC_WARN_UNUSED_FUNCTION = YES;
				GCC_WARN_UNUSED_VARIABLE = YES;
				LOCALIZATION_PREFERS_STRING_CATALOGS = YES;
				MTL_ENABLE_DEBUG_INFO = INCLUDE_SOURCE;
				MTL_FAST_MATH = YES;
				ONLY_ACTIVE_ARCH = YES;
				SWIFT_ACTIVE_COMPILATION_CONDITIONS = "DEBUG $(inherited)";
				SWIFT_OPTIMIZATION_LEVEL = "-Onone";
			};
			name = Debug;
		};
		A3DF9BD32B9ED103006AEECE /* Release */ = {
			isa = XCBuildConfiguration;
			buildSettings = {
				ALWAYS_SEARCH_USER_PATHS = NO;
				ASSETCATALOG_COMPILER_GENERATE_SWIFT_ASSET_SYMBOL_EXTENSIONS = YES;
				CLANG_ANALYZER_NONNULL = YES;
				CLANG_ANALYZER_NUMBER_OBJECT_CONVERSION = YES_AGGRESSIVE;
				CLANG_CXX_LANGUAGE_STANDARD = "gnu++20";
				CLANG_ENABLE_MODULES = YES;
				CLANG_ENABLE_OBJC_ARC = YES;
				CLANG_ENABLE_OBJC_WEAK = YES;
				CLANG_WARN_BLOCK_CAPTURE_AUTORELEASING = YES;
				CLANG_WARN_BOOL_CONVERSION = YES;
				CLANG_WARN_COMMA = YES;
				CLANG_WARN_CONSTANT_CONVERSION = YES;
				CLANG_WARN_DEPRECATED_OBJC_IMPLEMENTATIONS = YES;
				CLANG_WARN_DIRECT_OBJC_ISA_USAGE = YES_ERROR;
				CLANG_WARN_DOCUMENTATION_COMMENTS = YES;
				CLANG_WARN_EMPTY_BODY = YES;
				CLANG_WARN_ENUM_CONVERSION = YES;
				CLANG_WARN_INFINITE_RECURSION = YES;
				CLANG_WARN_INT_CONVERSION = YES;
				CLANG_WARN_NON_LITERAL_NULL_CONVERSION = YES;
				CLANG_WARN_OBJC_IMPLICIT_RETAIN_SELF = YES;
				CLANG_WARN_OBJC_LITERAL_CONVERSION = YES;
				CLANG_WARN_OBJC_ROOT_CLASS = YES_ERROR;
				CLANG_WARN_QUOTED_INCLUDE_IN_FRAMEWORK_HEADER = YES;
				CLANG_WARN_RANGE_LOOP_ANALYSIS = YES;
				CLANG_WARN_STRICT_PROTOTYPES = YES;
				CLANG_WARN_SUSPICIOUS_MOVE = YES;
				CLANG_WARN_UNGUARDED_AVAILABILITY = YES_AGGRESSIVE;
				CLANG_WARN_UNREACHABLE_CODE = YES;
				CLANG_WARN__DUPLICATE_METHOD_MATCH = YES;
				COPY_PHASE_STRIP = NO;
				DEBUG_INFORMATION_FORMAT = "dwarf-with-dsym";
				ENABLE_NS_ASSERTIONS = NO;
				ENABLE_STRICT_OBJC_MSGSEND = YES;
				ENABLE_USER_SCRIPT_SANDBOXING = YES;
				GCC_C_LANGUAGE_STANDARD = gnu17;
				GCC_NO_COMMON_BLOCKS = YES;
				GCC_WARN_64_TO_32_BIT_CONVERSION = YES;
				GCC_WARN_ABOUT_RETURN_TYPE = YES_ERROR;
				GCC_WARN_UNDECLARED_SELECTOR = YES;
				GCC_WARN_UNINITIALIZED_AUTOS = YES_AGGRESSIVE;
				GCC_WARN_UNUSED_FUNCTION = YES;
				GCC_WARN_UNUSED_VARIABLE = YES;
				LOCALIZATION_PREFERS_STRING_CATALOGS = YES;
				MTL_ENABLE_DEBUG_INFO = NO;
				MTL_FAST_MATH = YES;
				SWIFT_COMPILATION_MODE = wholemodule;
			};
			name = Release;
		};
		A3DF9BD52B9ED103006AEECE /* Debug */ = {
			isa = XCBuildConfiguration;
			buildSettings = {
				ASSETCATALOG_COMPILER_APPICON_NAME = AppIcon;
				ASSETCATALOG_COMPILER_GLOBAL_ACCENT_COLOR_NAME = AccentColor;
				CODE_SIGN_ENTITLEMENTS = "SwiftUI-weather/SwiftUI_weather.entitlements";
				CODE_SIGN_STYLE = Automatic;
				CURRENT_PROJECT_VERSION = 1;
				DEVELOPMENT_ASSET_PATHS = "\"SwiftUI-weather/Preview Content\"";
				DEVELOPMENT_TEAM = 76R68ZMQGR;
				ENABLE_HARDENED_RUNTIME = YES;
				ENABLE_PREVIEWS = YES;
				GENERATE_INFOPLIST_FILE = YES;
				"INFOPLIST_KEY_UIApplicationSceneManifest_Generation[sdk=iphoneos*]" = YES;
				"INFOPLIST_KEY_UIApplicationSceneManifest_Generation[sdk=iphonesimulator*]" = YES;
				"INFOPLIST_KEY_UIApplicationSupportsIndirectInputEvents[sdk=iphoneos*]" = YES;
				"INFOPLIST_KEY_UIApplicationSupportsIndirectInputEvents[sdk=iphonesimulator*]" = YES;
				"INFOPLIST_KEY_UILaunchScreen_Generation[sdk=iphoneos*]" = YES;
				"INFOPLIST_KEY_UILaunchScreen_Generation[sdk=iphonesimulator*]" = YES;
				"INFOPLIST_KEY_UIStatusBarStyle[sdk=iphoneos*]" = UIStatusBarStyleDefault;
				"INFOPLIST_KEY_UIStatusBarStyle[sdk=iphonesimulator*]" = UIStatusBarStyleDefault;
				INFOPLIST_KEY_UISupportedInterfaceOrientations_iPad = "UIInterfaceOrientationPortrait UIInterfaceOrientationPortraitUpsideDown UIInterfaceOrientationLandscapeLeft UIInterfaceOrientationLandscapeRight";
				INFOPLIST_KEY_UISupportedInterfaceOrientations_iPhone = "UIInterfaceOrientationPortrait UIInterfaceOrientationLandscapeLeft UIInterfaceOrientationLandscapeRight";
				IPHONEOS_DEPLOYMENT_TARGET = 17.2;
				LD_RUNPATH_SEARCH_PATHS = "@executable_path/Frameworks";
				"LD_RUNPATH_SEARCH_PATHS[sdk=macosx*]" = "@executable_path/../Frameworks";
				MACOSX_DEPLOYMENT_TARGET = 14.0;
				MARKETING_VERSION = 1.0;
				PRODUCT_BUNDLE_IDENTIFIER = "natasharadika.SwiftUI-weather";
				PRODUCT_NAME = "$(TARGET_NAME)";
				SDKROOT = auto;
				SUPPORTED_PLATFORMS = "iphoneos iphonesimulator macosx";
				SWIFT_EMIT_LOC_STRINGS = YES;
				SWIFT_VERSION = 5.0;
				TARGETED_DEVICE_FAMILY = "1,2";
			};
			name = Debug;
		};
		A3DF9BD62B9ED103006AEECE /* Release */ = {
			isa = XCBuildConfiguration;
			buildSettings = {
				ASSETCATALOG_COMPILER_APPICON_NAME = AppIcon;
				ASSETCATALOG_COMPILER_GLOBAL_ACCENT_COLOR_NAME = AccentColor;
				CODE_SIGN_ENTITLEMENTS = "SwiftUI-weather/SwiftUI_weather.entitlements";
				CODE_SIGN_STYLE = Automatic;
				CURRENT_PROJECT_VERSION = 1;
				DEVELOPMENT_ASSET_PATHS = "\"SwiftUI-weather/Preview Content\"";
				DEVELOPMENT_TEAM = 76R68ZMQGR;
				ENABLE_HARDENED_RUNTIME = YES;
				ENABLE_PREVIEWS = YES;
				GENERATE_INFOPLIST_FILE = YES;
				"INFOPLIST_KEY_UIApplicationSceneManifest_Generation[sdk=iphoneos*]" = YES;
				"INFOPLIST_KEY_UIApplicationSceneManifest_Generation[sdk=iphonesimulator*]" = YES;
				"INFOPLIST_KEY_UIApplicationSupportsIndirectInputEvents[sdk=iphoneos*]" = YES;
				"INFOPLIST_KEY_UIApplicationSupportsIndirectInputEvents[sdk=iphonesimulator*]" = YES;
				"INFOPLIST_KEY_UILaunchScreen_Generation[sdk=iphoneos*]" = YES;
				"INFOPLIST_KEY_UILaunchScreen_Generation[sdk=iphonesimulator*]" = YES;
				"INFOPLIST_KEY_UIStatusBarStyle[sdk=iphoneos*]" = UIStatusBarStyleDefault;
				"INFOPLIST_KEY_UIStatusBarStyle[sdk=iphonesimulator*]" = UIStatusBarStyleDefault;
				INFOPLIST_KEY_UISupportedInterfaceOrientations_iPad = "UIInterfaceOrientationPortrait UIInterfaceOrientationPortraitUpsideDown UIInterfaceOrientationLandscapeLeft UIInterfaceOrientationLandscapeRight";
				INFOPLIST_KEY_UISupportedInterfaceOrientations_iPhone = "UIInterfaceOrientationPortrait UIInterfaceOrientationLandscapeLeft UIInterfaceOrientationLandscapeRight";
				IPHONEOS_DEPLOYMENT_TARGET = 17.2;
				LD_RUNPATH_SEARCH_PATHS = "@executable_path/Frameworks";
				"LD_RUNPATH_SEARCH_PATHS[sdk=macosx*]" = "@executable_path/../Frameworks";
				MACOSX_DEPLOYMENT_TARGET = 14.0;
				MARKETING_VERSION = 1.0;
				PRODUCT_BUNDLE_IDENTIFIER = "natasharadika.SwiftUI-weather";
				PRODUCT_NAME = "$(TARGET_NAME)";
				SDKROOT = auto;
				SUPPORTED_PLATFORMS = "iphoneos iphonesimulator macosx";
				SWIFT_EMIT_LOC_STRINGS = YES;
				SWIFT_VERSION = 5.0;
				TARGETED_DEVICE_FAMILY = "1,2";
			};
			name = Release;
		};
		A3DF9BD82B9ED103006AEECE /* Debug */ = {
			isa = XCBuildConfiguration;
			buildSettings = {
				ALWAYS_EMBED_SWIFT_STANDARD_LIBRARIES = YES;
				BUNDLE_LOADER = "$(TEST_HOST)";
				CODE_SIGN_STYLE = Automatic;
				CURRENT_PROJECT_VERSION = 1;
				DEVELOPMENT_TEAM = 76R68ZMQGR;
				GENERATE_INFOPLIST_FILE = YES;
				IPHONEOS_DEPLOYMENT_TARGET = 17.2;
				MACOSX_DEPLOYMENT_TARGET = 14.0;
				MARKETING_VERSION = 1.0;
				PRODUCT_BUNDLE_IDENTIFIER = "natasharadika.SwiftUI-weatherTests";
				PRODUCT_NAME = "$(TARGET_NAME)";
				SDKROOT = auto;
				SUPPORTED_PLATFORMS = "iphoneos iphonesimulator macosx";
				SWIFT_EMIT_LOC_STRINGS = NO;
				SWIFT_VERSION = 5.0;
				TARGETED_DEVICE_FAMILY = "1,2";
				TEST_HOST = "$(BUILT_PRODUCTS_DIR)/SwiftUI-weather.app/$(BUNDLE_EXECUTABLE_FOLDER_PATH)/SwiftUI-weather";
			};
			name = Debug;
		};
		A3DF9BD92B9ED103006AEECE /* Release */ = {
			isa = XCBuildConfiguration;
			buildSettings = {
				ALWAYS_EMBED_SWIFT_STANDARD_LIBRARIES = YES;
				BUNDLE_LOADER = "$(TEST_HOST)";
				CODE_SIGN_STYLE = Automatic;
				CURRENT_PROJECT_VERSION = 1;
				DEVELOPMENT_TEAM = 76R68ZMQGR;
				GENERATE_INFOPLIST_FILE = YES;
				IPHONEOS_DEPLOYMENT_TARGET = 17.2;
				MACOSX_DEPLOYMENT_TARGET = 14.0;
				MARKETING_VERSION = 1.0;
				PRODUCT_BUNDLE_IDENTIFIER = "natasharadika.SwiftUI-weatherTests";
				PRODUCT_NAME = "$(TARGET_NAME)";
				SDKROOT = auto;
				SUPPORTED_PLATFORMS = "iphoneos iphonesimulator macosx";
				SWIFT_EMIT_LOC_STRINGS = NO;
				SWIFT_VERSION = 5.0;
				TARGETED_DEVICE_FAMILY = "1,2";
				TEST_HOST = "$(BUILT_PRODUCTS_DIR)/SwiftUI-weather.app/$(BUNDLE_EXECUTABLE_FOLDER_PATH)/SwiftUI-weather";
			};
			name = Release;
		};
		A3DF9BDB2B9ED103006AEECE /* Debug */ = {
			isa = XCBuildConfiguration;
			buildSettings = {
				ALWAYS_EMBED_SWIFT_STANDARD_LIBRARIES = YES;
				CODE_SIGN_STYLE = Automatic;
				CURRENT_PROJECT_VERSION = 1;
				DEVELOPMENT_TEAM = 76R68ZMQGR;
				GENERATE_INFOPLIST_FILE = YES;
				IPHONEOS_DEPLOYMENT_TARGET = 17.2;
				MACOSX_DEPLOYMENT_TARGET = 14.0;
				MARKETING_VERSION = 1.0;
				PRODUCT_BUNDLE_IDENTIFIER = "natasharadika.SwiftUI-weatherUITests";
				PRODUCT_NAME = "$(TARGET_NAME)";
				SDKROOT = auto;
				SUPPORTED_PLATFORMS = "iphoneos iphonesimulator macosx";
				SWIFT_EMIT_LOC_STRINGS = NO;
				SWIFT_VERSION = 5.0;
				TARGETED_DEVICE_FAMILY = "1,2";
				TEST_TARGET_NAME = "SwiftUI-weather";
			};
			name = Debug;
		};
		A3DF9BDC2B9ED103006AEECE /* Release */ = {
			isa = XCBuildConfiguration;
			buildSettings = {
				ALWAYS_EMBED_SWIFT_STANDARD_LIBRARIES = YES;
				CODE_SIGN_STYLE = Automatic;
				CURRENT_PROJECT_VERSION = 1;
				DEVELOPMENT_TEAM = 76R68ZMQGR;
				GENERATE_INFOPLIST_FILE = YES;
				IPHONEOS_DEPLOYMENT_TARGET = 17.2;
				MACOSX_DEPLOYMENT_TARGET = 14.0;
				MARKETING_VERSION = 1.0;
				PRODUCT_BUNDLE_IDENTIFIER = "natasharadika.SwiftUI-weatherUITests";
				PRODUCT_NAME = "$(TARGET_NAME)";
				SDKROOT = auto;
				SUPPORTED_PLATFORMS = "iphoneos iphonesimulator macosx";
				SWIFT_EMIT_LOC_STRINGS = NO;
				SWIFT_VERSION = 5.0;
				TARGETED_DEVICE_FAMILY = "1,2";
				TEST_TARGET_NAME = "SwiftUI-weather";
			};
			name = Release;
		};
/* End XCBuildConfiguration section */

/* Begin XCConfigurationList section */
		A3DF9BAA2B9ED102006AEECE /* Build configuration list for PBXProject "SwiftUI-weather" */ = {
			isa = XCConfigurationList;
			buildConfigurations = (
				A3DF9BD22B9ED103006AEECE /* Debug */,
				A3DF9BD32B9ED103006AEECE /* Release */,
			);
			defaultConfigurationIsVisible = 0;
			defaultConfigurationName = Release;
		};
		A3DF9BD42B9ED103006AEECE /* Build configuration list for PBXNativeTarget "SwiftUI-weather" */ = {
			isa = XCConfigurationList;
			buildConfigurations = (
				A3DF9BD52B9ED103006AEECE /* Debug */,
				A3DF9BD62B9ED103006AEECE /* Release */,
			);
			defaultConfigurationIsVisible = 0;
			defaultConfigurationName = Release;
		};
		A3DF9BD72B9ED103006AEECE /* Build configuration list for PBXNativeTarget "SwiftUI-weatherTests" */ = {
			isa = XCConfigurationList;
			buildConfigurations = (
				A3DF9BD82B9ED103006AEECE /* Debug */,
				A3DF9BD92B9ED103006AEECE /* Release */,
			);
			defaultConfigurationIsVisible = 0;
			defaultConfigurationName = Release;
		};
		A3DF9BDA2B9ED103006AEECE /* Build configuration list for PBXNativeTarget "SwiftUI-weatherUITests" */ = {
			isa = XCConfigurationList;
			buildConfigurations = (
				A3DF9BDB2B9ED103006AEECE /* Debug */,
				A3DF9BDC2B9ED103006AEECE /* Release */,
			);
			defaultConfigurationIsVisible = 0;
			defaultConfigurationName = Release;
		};
/* End XCConfigurationList section */
	};
	rootObject = A3DF9BA72B9ED102006AEECE /* Project object */;
}
